
Microsoft Visual Studio Solution File, Format Version 12.00
# Visual Studio Version 17
VisualStudioVersion = 17.4.33110.190
MinimumVisualStudioVersion = 10.0.40219.1
Project("{9A19103F-16F7-4668-BE54-9A1E7A4F7556}") = "FeedMe.Android", "FeedMe\FeedMe.Android\FeedMe.Android.csproj", "{23D8CFF5-C02F-4F85-8EE5-20008DAC55F3}"
EndProject
Project("{9A19103F-16F7-4668-BE54-9A1E7A4F7556}") = "FeedMe", "FeedMe\FeedMe\FeedMe.csproj", "{FFB8CE2A-A55D-4126-9AA0-96A8025A385E}"
EndProject
Project("{9A19103F-16F7-4668-BE54-9A1E7A4F7556}") = "FeedMe.iOS", "FeedMe\FeedMe.iOS\FeedMe.iOS.csproj", "{4CE9D335-4CA4-4F59-8D7A-9D08BB66CFD3}"
EndProject
Project("{9A19103F-16F7-4668-BE54-9A1E7A4F7556}") = "FeedMe.Shared", "libs\FeedMe.Shared\FeedMe.Shared\FeedMe.Shared.csproj", "{C9639875-1F00-4541-B246-2AC84CC619EB}"
EndProject
Project("{9A19103F-16F7-4668-BE54-9A1E7A4F7556}") = "FeedMe.Core", "FeedMe\FeedMe.Core\FeedMe.Core.csproj", "{929D6FA8-7E49-4609-8F88-90AB71682B1A}"
EndProject
Global
	GlobalSection(SolutionConfigurationPlatforms) = preSolution
		Ad-Hoc|Any CPU = Ad-Hoc|Any CPU
		Ad-Hoc|ARM = Ad-Hoc|ARM
		Ad-Hoc|iPhone = Ad-Hoc|iPhone
		Ad-Hoc|iPhoneSimulator = Ad-Hoc|iPhoneSimulator
		Ad-Hoc|x64 = Ad-Hoc|x64
		Ad-Hoc|x86 = Ad-Hoc|x86
		AppStore|Any CPU = AppStore|Any CPU
		AppStore|ARM = AppStore|ARM
		AppStore|iPhone = AppStore|iPhone
		AppStore|iPhoneSimulator = AppStore|iPhoneSimulator
		AppStore|x64 = AppStore|x64
		AppStore|x86 = AppStore|x86
		Debug|Any CPU = Debug|Any CPU
		Debug|ARM = Debug|ARM
		Debug|iPhone = Debug|iPhone
		Debug|iPhoneSimulator = Debug|iPhoneSimulator
		Debug|x64 = Debug|x64
		Debug|x86 = Debug|x86
		Release|Any CPU = Release|Any CPU
		Release|ARM = Release|ARM
		Release|iPhone = Release|iPhone
		Release|iPhoneSimulator = Release|iPhoneSimulator
		Release|x64 = Release|x64
		Release|x86 = Release|x86
	EndGlobalSection
	GlobalSection(ProjectConfigurationPlatforms) = postSolution
		{23D8CFF5-C02F-4F85-8EE5-20008DAC55F3}.Ad-Hoc|Any CPU.ActiveCfg = Release|Any CPU
		{23D8CFF5-C02F-4F85-8EE5-20008DAC55F3}.Ad-Hoc|Any CPU.Build.0 = Release|Any CPU
		{23D8CFF5-C02F-4F85-8EE5-20008DAC55F3}.Ad-Hoc|Any CPU.Deploy.0 = Release|Any CPU
		{23D8CFF5-C02F-4F85-8EE5-20008DAC55F3}.Ad-Hoc|ARM.ActiveCfg = Release|Any CPU
		{23D8CFF5-C02F-4F85-8EE5-20008DAC55F3}.Ad-Hoc|ARM.Build.0 = Release|Any CPU
		{23D8CFF5-C02F-4F85-8EE5-20008DAC55F3}.Ad-Hoc|ARM.Deploy.0 = Release|Any CPU
		{23D8CFF5-C02F-4F85-8EE5-20008DAC55F3}.Ad-Hoc|iPhone.ActiveCfg = Release|Any CPU
		{23D8CFF5-C02F-4F85-8EE5-20008DAC55F3}.Ad-Hoc|iPhone.Build.0 = Release|Any CPU
		{23D8CFF5-C02F-4F85-8EE5-20008DAC55F3}.Ad-Hoc|iPhone.Deploy.0 = Release|Any CPU
		{23D8CFF5-C02F-4F85-8EE5-20008DAC55F3}.Ad-Hoc|iPhoneSimulator.ActiveCfg = Release|Any CPU
		{23D8CFF5-C02F-4F85-8EE5-20008DAC55F3}.Ad-Hoc|iPhoneSimulator.Build.0 = Release|Any CPU
		{23D8CFF5-C02F-4F85-8EE5-20008DAC55F3}.Ad-Hoc|iPhoneSimulator.Deploy.0 = Release|Any CPU
		{23D8CFF5-C02F-4F85-8EE5-20008DAC55F3}.Ad-Hoc|x64.ActiveCfg = Release|Any CPU
		{23D8CFF5-C02F-4F85-8EE5-20008DAC55F3}.Ad-Hoc|x64.Build.0 = Release|Any CPU
		{23D8CFF5-C02F-4F85-8EE5-20008DAC55F3}.Ad-Hoc|x64.Deploy.0 = Release|Any CPU
		{23D8CFF5-C02F-4F85-8EE5-20008DAC55F3}.Ad-Hoc|x86.ActiveCfg = Release|Any CPU
		{23D8CFF5-C02F-4F85-8EE5-20008DAC55F3}.Ad-Hoc|x86.Build.0 = Release|Any CPU
		{23D8CFF5-C02F-4F85-8EE5-20008DAC55F3}.Ad-Hoc|x86.Deploy.0 = Release|Any CPU
		{23D8CFF5-C02F-4F85-8EE5-20008DAC55F3}.AppStore|Any CPU.ActiveCfg = Release|Any CPU
		{23D8CFF5-C02F-4F85-8EE5-20008DAC55F3}.AppStore|Any CPU.Build.0 = Release|Any CPU
		{23D8CFF5-C02F-4F85-8EE5-20008DAC55F3}.AppStore|Any CPU.Deploy.0 = Release|Any CPU
		{23D8CFF5-C02F-4F85-8EE5-20008DAC55F3}.AppStore|ARM.ActiveCfg = Release|Any CPU
		{23D8CFF5-C02F-4F85-8EE5-20008DAC55F3}.AppStore|ARM.Build.0 = Release|Any CPU
		{23D8CFF5-C02F-4F85-8EE5-20008DAC55F3}.AppStore|ARM.Deploy.0 = Release|Any CPU
		{23D8CFF5-C02F-4F85-8EE5-20008DAC55F3}.AppStore|iPhone.ActiveCfg = Release|Any CPU
		{23D8CFF5-C02F-4F85-8EE5-20008DAC55F3}.AppStore|iPhone.Build.0 = Release|Any CPU
		{23D8CFF5-C02F-4F85-8EE5-20008DAC55F3}.AppStore|iPhone.Deploy.0 = Release|Any CPU
		{23D8CFF5-C02F-4F85-8EE5-20008DAC55F3}.AppStore|iPhoneSimulator.ActiveCfg = Release|Any CPU
		{23D8CFF5-C02F-4F85-8EE5-20008DAC55F3}.AppStore|iPhoneSimulator.Build.0 = Release|Any CPU
		{23D8CFF5-C02F-4F85-8EE5-20008DAC55F3}.AppStore|iPhoneSimulator.Deploy.0 = Release|Any CPU
		{23D8CFF5-C02F-4F85-8EE5-20008DAC55F3}.AppStore|x64.ActiveCfg = Release|Any CPU
		{23D8CFF5-C02F-4F85-8EE5-20008DAC55F3}.AppStore|x64.Build.0 = Release|Any CPU
		{23D8CFF5-C02F-4F85-8EE5-20008DAC55F3}.AppStore|x64.Deploy.0 = Release|Any CPU
		{23D8CFF5-C02F-4F85-8EE5-20008DAC55F3}.AppStore|x86.ActiveCfg = Release|Any CPU
		{23D8CFF5-C02F-4F85-8EE5-20008DAC55F3}.AppStore|x86.Build.0 = Release|Any CPU
		{23D8CFF5-C02F-4F85-8EE5-20008DAC55F3}.AppStore|x86.Deploy.0 = Release|Any CPU
		{23D8CFF5-C02F-4F85-8EE5-20008DAC55F3}.Debug|Any CPU.ActiveCfg = Debug|Any CPU
		{23D8CFF5-C02F-4F85-8EE5-20008DAC55F3}.Debug|Any CPU.Build.0 = Debug|Any CPU
		{23D8CFF5-C02F-4F85-8EE5-20008DAC55F3}.Debug|Any CPU.Deploy.0 = Debug|Any CPU
		{23D8CFF5-C02F-4F85-8EE5-20008DAC55F3}.Debug|ARM.ActiveCfg = Debug|Any CPU
		{23D8CFF5-C02F-4F85-8EE5-20008DAC55F3}.Debug|ARM.Build.0 = Debug|Any CPU
		{23D8CFF5-C02F-4F85-8EE5-20008DAC55F3}.Debug|ARM.Deploy.0 = Debug|Any CPU
		{23D8CFF5-C02F-4F85-8EE5-20008DAC55F3}.Debug|iPhone.ActiveCfg = Debug|Any CPU
		{23D8CFF5-C02F-4F85-8EE5-20008DAC55F3}.Debug|iPhone.Build.0 = Debug|Any CPU
		{23D8CFF5-C02F-4F85-8EE5-20008DAC55F3}.Debug|iPhone.Deploy.0 = Debug|Any CPU
		{23D8CFF5-C02F-4F85-8EE5-20008DAC55F3}.Debug|iPhoneSimulator.ActiveCfg = Debug|Any CPU
		{23D8CFF5-C02F-4F85-8EE5-20008DAC55F3}.Debug|iPhoneSimulator.Build.0 = Debug|Any CPU
		{23D8CFF5-C02F-4F85-8EE5-20008DAC55F3}.Debug|iPhoneSimulator.Deploy.0 = Debug|Any CPU
		{23D8CFF5-C02F-4F85-8EE5-20008DAC55F3}.Debug|x64.ActiveCfg = Debug|Any CPU
		{23D8CFF5-C02F-4F85-8EE5-20008DAC55F3}.Debug|x64.Build.0 = Debug|Any CPU
		{23D8CFF5-C02F-4F85-8EE5-20008DAC55F3}.Debug|x64.Deploy.0 = Debug|Any CPU
		{23D8CFF5-C02F-4F85-8EE5-20008DAC55F3}.Debug|x86.ActiveCfg = Debug|Any CPU
		{23D8CFF5-C02F-4F85-8EE5-20008DAC55F3}.Debug|x86.Build.0 = Debug|Any CPU
		{23D8CFF5-C02F-4F85-8EE5-20008DAC55F3}.Debug|x86.Deploy.0 = Debug|Any CPU
		{23D8CFF5-C02F-4F85-8EE5-20008DAC55F3}.Release|Any CPU.ActiveCfg = Release|Any CPU
		{23D8CFF5-C02F-4F85-8EE5-20008DAC55F3}.Release|Any CPU.Build.0 = Release|Any CPU
		{23D8CFF5-C02F-4F85-8EE5-20008DAC55F3}.Release|Any CPU.Deploy.0 = Release|Any CPU
		{23D8CFF5-C02F-4F85-8EE5-20008DAC55F3}.Release|ARM.ActiveCfg = Release|Any CPU
		{23D8CFF5-C02F-4F85-8EE5-20008DAC55F3}.Release|ARM.Build.0 = Release|Any CPU
		{23D8CFF5-C02F-4F85-8EE5-20008DAC55F3}.Release|ARM.Deploy.0 = Release|Any CPU
		{23D8CFF5-C02F-4F85-8EE5-20008DAC55F3}.Release|iPhone.ActiveCfg = Release|Any CPU
		{23D8CFF5-C02F-4F85-8EE5-20008DAC55F3}.Release|iPhone.Build.0 = Release|Any CPU
		{23D8CFF5-C02F-4F85-8EE5-20008DAC55F3}.Release|iPhone.Deploy.0 = Release|Any CPU
		{23D8CFF5-C02F-4F85-8EE5-20008DAC55F3}.Release|iPhoneSimulator.ActiveCfg = Release|Any CPU
		{23D8CFF5-C02F-4F85-8EE5-20008DAC55F3}.Release|iPhoneSimulator.Build.0 = Release|Any CPU
		{23D8CFF5-C02F-4F85-8EE5-20008DAC55F3}.Release|iPhoneSimulator.Deploy.0 = Release|Any CPU
		{23D8CFF5-C02F-4F85-8EE5-20008DAC55F3}.Release|x64.ActiveCfg = Release|Any CPU
		{23D8CFF5-C02F-4F85-8EE5-20008DAC55F3}.Release|x64.Build.0 = Release|Any CPU
		{23D8CFF5-C02F-4F85-8EE5-20008DAC55F3}.Release|x64.Deploy.0 = Release|Any CPU
		{23D8CFF5-C02F-4F85-8EE5-20008DAC55F3}.Release|x86.ActiveCfg = Release|Any CPU
		{23D8CFF5-C02F-4F85-8EE5-20008DAC55F3}.Release|x86.Build.0 = Release|Any CPU
		{23D8CFF5-C02F-4F85-8EE5-20008DAC55F3}.Release|x86.Deploy.0 = Release|Any CPU
		{FFB8CE2A-A55D-4126-9AA0-96A8025A385E}.Ad-Hoc|Any CPU.ActiveCfg = Debug|Any CPU
		{FFB8CE2A-A55D-4126-9AA0-96A8025A385E}.Ad-Hoc|Any CPU.Build.0 = Debug|Any CPU
		{FFB8CE2A-A55D-4126-9AA0-96A8025A385E}.Ad-Hoc|Any CPU.Deploy.0 = Debug|Any CPU
		{FFB8CE2A-A55D-4126-9AA0-96A8025A385E}.Ad-Hoc|ARM.ActiveCfg = Debug|Any CPU
		{FFB8CE2A-A55D-4126-9AA0-96A8025A385E}.Ad-Hoc|ARM.Build.0 = Debug|Any CPU
		{FFB8CE2A-A55D-4126-9AA0-96A8025A385E}.Ad-Hoc|ARM.Deploy.0 = Debug|Any CPU
		{FFB8CE2A-A55D-4126-9AA0-96A8025A385E}.Ad-Hoc|iPhone.ActiveCfg = Debug|Any CPU
		{FFB8CE2A-A55D-4126-9AA0-96A8025A385E}.Ad-Hoc|iPhone.Build.0 = Debug|Any CPU
		{FFB8CE2A-A55D-4126-9AA0-96A8025A385E}.Ad-Hoc|iPhone.Deploy.0 = Debug|Any CPU
		{FFB8CE2A-A55D-4126-9AA0-96A8025A385E}.Ad-Hoc|iPhoneSimulator.ActiveCfg = Debug|Any CPU
		{FFB8CE2A-A55D-4126-9AA0-96A8025A385E}.Ad-Hoc|iPhoneSimulator.Build.0 = Debug|Any CPU
		{FFB8CE2A-A55D-4126-9AA0-96A8025A385E}.Ad-Hoc|iPhoneSimulator.Deploy.0 = Debug|Any CPU
		{FFB8CE2A-A55D-4126-9AA0-96A8025A385E}.Ad-Hoc|x64.ActiveCfg = Debug|Any CPU
		{FFB8CE2A-A55D-4126-9AA0-96A8025A385E}.Ad-Hoc|x64.Build.0 = Debug|Any CPU
		{FFB8CE2A-A55D-4126-9AA0-96A8025A385E}.Ad-Hoc|x64.Deploy.0 = Debug|Any CPU
		{FFB8CE2A-A55D-4126-9AA0-96A8025A385E}.Ad-Hoc|x86.ActiveCfg = Debug|Any CPU
		{FFB8CE2A-A55D-4126-9AA0-96A8025A385E}.Ad-Hoc|x86.Build.0 = Debug|Any CPU
		{FFB8CE2A-A55D-4126-9AA0-96A8025A385E}.Ad-Hoc|x86.Deploy.0 = Debug|Any CPU
		{FFB8CE2A-A55D-4126-9AA0-96A8025A385E}.AppStore|Any CPU.ActiveCfg = Debug|Any CPU
		{FFB8CE2A-A55D-4126-9AA0-96A8025A385E}.AppStore|Any CPU.Build.0 = Debug|Any CPU
		{FFB8CE2A-A55D-4126-9AA0-96A8025A385E}.AppStore|Any CPU.Deploy.0 = Debug|Any CPU
		{FFB8CE2A-A55D-4126-9AA0-96A8025A385E}.AppStore|ARM.ActiveCfg = Debug|Any CPU
		{FFB8CE2A-A55D-4126-9AA0-96A8025A385E}.AppStore|ARM.Build.0 = Debug|Any CPU
		{FFB8CE2A-A55D-4126-9AA0-96A8025A385E}.AppStore|ARM.Deploy.0 = Debug|Any CPU
		{FFB8CE2A-A55D-4126-9AA0-96A8025A385E}.AppStore|iPhone.ActiveCfg = Debug|Any CPU
		{FFB8CE2A-A55D-4126-9AA0-96A8025A385E}.AppStore|iPhone.Build.0 = Debug|Any CPU
		{FFB8CE2A-A55D-4126-9AA0-96A8025A385E}.AppStore|iPhone.Deploy.0 = Debug|Any CPU
		{FFB8CE2A-A55D-4126-9AA0-96A8025A385E}.AppStore|iPhoneSimulator.ActiveCfg = Debug|Any CPU
		{FFB8CE2A-A55D-4126-9AA0-96A8025A385E}.AppStore|iPhoneSimulator.Build.0 = Debug|Any CPU
		{FFB8CE2A-A55D-4126-9AA0-96A8025A385E}.AppStore|iPhoneSimulator.Deploy.0 = Debug|Any CPU
		{FFB8CE2A-A55D-4126-9AA0-96A8025A385E}.AppStore|x64.ActiveCfg = Debug|Any CPU
		{FFB8CE2A-A55D-4126-9AA0-96A8025A385E}.AppStore|x64.Build.0 = Debug|Any CPU
		{FFB8CE2A-A55D-4126-9AA0-96A8025A385E}.AppStore|x64.Deploy.0 = Debug|Any CPU
		{FFB8CE2A-A55D-4126-9AA0-96A8025A385E}.AppStore|x86.ActiveCfg = Debug|Any CPU
		{FFB8CE2A-A55D-4126-9AA0-96A8025A385E}.AppStore|x86.Build.0 = Debug|Any CPU
		{FFB8CE2A-A55D-4126-9AA0-96A8025A385E}.AppStore|x86.Deploy.0 = Debug|Any CPU
		{FFB8CE2A-A55D-4126-9AA0-96A8025A385E}.Debug|Any CPU.ActiveCfg = Debug|Any CPU
		{FFB8CE2A-A55D-4126-9AA0-96A8025A385E}.Debug|Any CPU.Build.0 = Debug|Any CPU
		{FFB8CE2A-A55D-4126-9AA0-96A8025A385E}.Debug|Any CPU.Deploy.0 = Debug|Any CPU
		{FFB8CE2A-A55D-4126-9AA0-96A8025A385E}.Debug|ARM.ActiveCfg = Debug|Any CPU
		{FFB8CE2A-A55D-4126-9AA0-96A8025A385E}.Debug|ARM.Build.0 = Debug|Any CPU
		{FFB8CE2A-A55D-4126-9AA0-96A8025A385E}.Debug|ARM.Deploy.0 = Debug|Any CPU
		{FFB8CE2A-A55D-4126-9AA0-96A8025A385E}.Debug|iPhone.ActiveCfg = Debug|Any CPU
		{FFB8CE2A-A55D-4126-9AA0-96A8025A385E}.Debug|iPhone.Build.0 = Debug|Any CPU
		{FFB8CE2A-A55D-4126-9AA0-96A8025A385E}.Debug|iPhone.Deploy.0 = Debug|Any CPU
		{FFB8CE2A-A55D-4126-9AA0-96A8025A385E}.Debug|iPhoneSimulator.ActiveCfg = Debug|Any CPU
		{FFB8CE2A-A55D-4126-9AA0-96A8025A385E}.Debug|iPhoneSimulator.Build.0 = Debug|Any CPU
		{FFB8CE2A-A55D-4126-9AA0-96A8025A385E}.Debug|iPhoneSimulator.Deploy.0 = Debug|Any CPU
		{FFB8CE2A-A55D-4126-9AA0-96A8025A385E}.Debug|x64.ActiveCfg = Debug|Any CPU
		{FFB8CE2A-A55D-4126-9AA0-96A8025A385E}.Debug|x64.Build.0 = Debug|Any CPU
		{FFB8CE2A-A55D-4126-9AA0-96A8025A385E}.Debug|x64.Deploy.0 = Debug|Any CPU
		{FFB8CE2A-A55D-4126-9AA0-96A8025A385E}.Debug|x86.ActiveCfg = Debug|Any CPU
		{FFB8CE2A-A55D-4126-9AA0-96A8025A385E}.Debug|x86.Build.0 = Debug|Any CPU
		{FFB8CE2A-A55D-4126-9AA0-96A8025A385E}.Debug|x86.Deploy.0 = Debug|Any CPU
		{FFB8CE2A-A55D-4126-9AA0-96A8025A385E}.Release|Any CPU.ActiveCfg = Release|Any CPU
		{FFB8CE2A-A55D-4126-9AA0-96A8025A385E}.Release|Any CPU.Build.0 = Release|Any CPU
		{FFB8CE2A-A55D-4126-9AA0-96A8025A385E}.Release|Any CPU.Deploy.0 = Release|Any CPU
		{FFB8CE2A-A55D-4126-9AA0-96A8025A385E}.Release|ARM.ActiveCfg = Release|Any CPU
		{FFB8CE2A-A55D-4126-9AA0-96A8025A385E}.Release|ARM.Build.0 = Release|Any CPU
		{FFB8CE2A-A55D-4126-9AA0-96A8025A385E}.Release|ARM.Deploy.0 = Release|Any CPU
		{FFB8CE2A-A55D-4126-9AA0-96A8025A385E}.Release|iPhone.ActiveCfg = Release|Any CPU
		{FFB8CE2A-A55D-4126-9AA0-96A8025A385E}.Release|iPhone.Build.0 = Release|Any CPU
		{FFB8CE2A-A55D-4126-9AA0-96A8025A385E}.Release|iPhone.Deploy.0 = Release|Any CPU
		{FFB8CE2A-A55D-4126-9AA0-96A8025A385E}.Release|iPhoneSimulator.ActiveCfg = Release|Any CPU
		{FFB8CE2A-A55D-4126-9AA0-96A8025A385E}.Release|iPhoneSimulator.Build.0 = Release|Any CPU
		{FFB8CE2A-A55D-4126-9AA0-96A8025A385E}.Release|iPhoneSimulator.Deploy.0 = Release|Any CPU
		{FFB8CE2A-A55D-4126-9AA0-96A8025A385E}.Release|x64.ActiveCfg = Release|Any CPU
		{FFB8CE2A-A55D-4126-9AA0-96A8025A385E}.Release|x64.Build.0 = Release|Any CPU
		{FFB8CE2A-A55D-4126-9AA0-96A8025A385E}.Release|x64.Deploy.0 = Release|Any CPU
		{FFB8CE2A-A55D-4126-9AA0-96A8025A385E}.Release|x86.ActiveCfg = Release|Any CPU
		{FFB8CE2A-A55D-4126-9AA0-96A8025A385E}.Release|x86.Build.0 = Release|Any CPU
		{FFB8CE2A-A55D-4126-9AA0-96A8025A385E}.Release|x86.Deploy.0 = Release|Any CPU
		{4CE9D335-4CA4-4F59-8D7A-9D08BB66CFD3}.Debug|Any CPU.ActiveCfg = Debug|Any CPU
		{4CE9D335-4CA4-4F59-8D7A-9D08BB66CFD3}.Debug|Any CPU.Build.0 = Debug|Any CPU
		{4CE9D335-4CA4-4F59-8D7A-9D08BB66CFD3}.Debug|Any CPU.Deploy.0 = Debug|Any CPU
		{C9639875-1F00-4541-B246-2AC84CC619EB}.Ad-Hoc|Any CPU.ActiveCfg = Debug|Any CPU
		{C9639875-1F00-4541-B246-2AC84CC619EB}.Ad-Hoc|Any CPU.Build.0 = Debug|Any CPU
		{C9639875-1F00-4541-B246-2AC84CC619EB}.Ad-Hoc|ARM.ActiveCfg = Debug|Any CPU
		{C9639875-1F00-4541-B246-2AC84CC619EB}.Ad-Hoc|ARM.Build.0 = Debug|Any CPU
		{C9639875-1F00-4541-B246-2AC84CC619EB}.Ad-Hoc|iPhone.ActiveCfg = Debug|Any CPU
		{C9639875-1F00-4541-B246-2AC84CC619EB}.Ad-Hoc|iPhone.Build.0 = Debug|Any CPU
		{C9639875-1F00-4541-B246-2AC84CC619EB}.Ad-Hoc|iPhoneSimulator.ActiveCfg = Debug|Any CPU
		{C9639875-1F00-4541-B246-2AC84CC619EB}.Ad-Hoc|iPhoneSimulator.Build.0 = Debug|Any CPU
		{C9639875-1F00-4541-B246-2AC84CC619EB}.Ad-Hoc|x64.ActiveCfg = Debug|Any CPU
		{C9639875-1F00-4541-B246-2AC84CC619EB}.Ad-Hoc|x64.Build.0 = Debug|Any CPU
		{C9639875-1F00-4541-B246-2AC84CC619EB}.Ad-Hoc|x86.ActiveCfg = Debug|Any CPU
		{C9639875-1F00-4541-B246-2AC84CC619EB}.Ad-Hoc|x86.Build.0 = Debug|Any CPU
		{C9639875-1F00-4541-B246-2AC84CC619EB}.AppStore|Any CPU.ActiveCfg = Debug|Any CPU
		{C9639875-1F00-4541-B246-2AC84CC619EB}.AppStore|Any CPU.Build.0 = Debug|Any CPU
		{C9639875-1F00-4541-B246-2AC84CC619EB}.AppStore|ARM.ActiveCfg = Debug|Any CPU
		{C9639875-1F00-4541-B246-2AC84CC619EB}.AppStore|ARM.Build.0 = Debug|Any CPU
		{C9639875-1F00-4541-B246-2AC84CC619EB}.AppStore|iPhone.ActiveCfg = Debug|Any CPU
		{C9639875-1F00-4541-B246-2AC84CC619EB}.AppStore|iPhone.Build.0 = Debug|Any CPU
		{C9639875-1F00-4541-B246-2AC84CC619EB}.AppStore|iPhoneSimulator.ActiveCfg = Debug|Any CPU
		{C9639875-1F00-4541-B246-2AC84CC619EB}.AppStore|iPhoneSimulator.Build.0 = Debug|Any CPU
		{C9639875-1F00-4541-B246-2AC84CC619EB}.AppStore|x64.ActiveCfg = Debug|Any CPU
		{C9639875-1F00-4541-B246-2AC84CC619EB}.AppStore|x64.Build.0 = Debug|Any CPU
		{C9639875-1F00-4541-B246-2AC84CC619EB}.AppStore|x86.ActiveCfg = Debug|Any CPU
		{C9639875-1F00-4541-B246-2AC84CC619EB}.AppStore|x86.Build.0 = Debug|Any CPU
		{C9639875-1F00-4541-B246-2AC84CC619EB}.Debug|Any CPU.ActiveCfg = Debug|Any CPU
		{C9639875-1F00-4541-B246-2AC84CC619EB}.Debug|Any CPU.Build.0 = Debug|Any CPU
		{C9639875-1F00-4541-B246-2AC84CC619EB}.Debug|ARM.ActiveCfg = Debug|Any CPU
		{C9639875-1F00-4541-B246-2AC84CC619EB}.Debug|ARM.Build.0 = Debug|Any CPU
		{C9639875-1F00-4541-B246-2AC84CC619EB}.Debug|iPhone.ActiveCfg = Debug|Any CPU
		{C9639875-1F00-4541-B246-2AC84CC619EB}.Debug|iPhone.Build.0 = Debug|Any CPU
		{C9639875-1F00-4541-B246-2AC84CC619EB}.Debug|iPhoneSimulator.ActiveCfg = Debug|Any CPU
		{C9639875-1F00-4541-B246-2AC84CC619EB}.Debug|iPhoneSimulator.Build.0 = Debug|Any CPU
		{C9639875-1F00-4541-B246-2AC84CC619EB}.Debug|x64.ActiveCfg = Debug|Any CPU
		{C9639875-1F00-4541-B246-2AC84CC619EB}.Debug|x64.Build.0 = Debug|Any CPU
		{C9639875-1F00-4541-B246-2AC84CC619EB}.Debug|x86.ActiveCfg = Debug|Any CPU
		{C9639875-1F00-4541-B246-2AC84CC619EB}.Debug|x86.Build.0 = Debug|Any CPU
		{C9639875-1F00-4541-B246-2AC84CC619EB}.Release|Any CPU.ActiveCfg = Release|Any CPU
		{C9639875-1F00-4541-B246-2AC84CC619EB}.Release|Any CPU.Build.0 = Release|Any CPU
		{C9639875-1F00-4541-B246-2AC84CC619EB}.Release|ARM.ActiveCfg = Release|Any CPU
		{C9639875-1F00-4541-B246-2AC84CC619EB}.Release|ARM.Build.0 = Release|Any CPU
		{C9639875-1F00-4541-B246-2AC84CC619EB}.Release|iPhone.ActiveCfg = Release|Any CPU
		{C9639875-1F00-4541-B246-2AC84CC619EB}.Release|iPhone.Build.0 = Release|Any CPU
		{C9639875-1F00-4541-B246-2AC84CC619EB}.Release|iPhoneSimulator.ActiveCfg = Release|Any CPU
		{C9639875-1F00-4541-B246-2AC84CC619EB}.Release|iPhoneSimulator.Build.0 = Release|Any CPU
		{C9639875-1F00-4541-B246-2AC84CC619EB}.Release|x64.ActiveCfg = Release|Any CPU
		{C9639875-1F00-4541-B246-2AC84CC619EB}.Release|x64.Build.0 = Release|Any CPU
		{C9639875-1F00-4541-B246-2AC84CC619EB}.Release|x86.ActiveCfg = Release|Any CPU
		{C9639875-1F00-4541-B246-2AC84CC619EB}.Release|x86.Build.0 = Release|Any CPU
		{929D6FA8-7E49-4609-8F88-90AB71682B1A}.Ad-Hoc|Any CPU.ActiveCfg = Debug|Any CPU
		{929D6FA8-7E49-4609-8F88-90AB71682B1A}.Ad-Hoc|Any CPU.Build.0 = Debug|Any CPU
		{929D6FA8-7E49-4609-8F88-90AB71682B1A}.Ad-Hoc|ARM.ActiveCfg = Debug|Any CPU
		{929D6FA8-7E49-4609-8F88-90AB71682B1A}.Ad-Hoc|ARM.Build.0 = Debug|Any CPU
		{929D6FA8-7E49-4609-8F88-90AB71682B1A}.Ad-Hoc|iPhone.ActiveCfg = Debug|Any CPU
		{929D6FA8-7E49-4609-8F88-90AB71682B1A}.Ad-Hoc|iPhone.Build.0 = Debug|Any CPU
		{929D6FA8-7E49-4609-8F88-90AB71682B1A}.Ad-Hoc|iPhoneSimulator.ActiveCfg = Debug|Any CPU
		{929D6FA8-7E49-4609-8F88-90AB71682B1A}.Ad-Hoc|iPhoneSimulator.Build.0 = Debug|Any CPU
		{929D6FA8-7E49-4609-8F88-90AB71682B1A}.Ad-Hoc|x64.ActiveCfg = Debug|Any CPU
		{929D6FA8-7E49-4609-8F88-90AB71682B1A}.Ad-Hoc|x64.Build.0 = Debug|Any CPU
		{929D6FA8-7E49-4609-8F88-90AB71682B1A}.Ad-Hoc|x86.ActiveCfg = Debug|Any CPU
		{929D6FA8-7E49-4609-8F88-90AB71682B1A}.Ad-Hoc|x86.Build.0 = Debug|Any CPU
		{929D6FA8-7E49-4609-8F88-90AB71682B1A}.AppStore|Any CPU.ActiveCfg = Debug|Any CPU
		{929D6FA8-7E49-4609-8F88-90AB71682B1A}.AppStore|Any CPU.Build.0 = Debug|Any CPU
		{929D6FA8-7E49-4609-8F88-90AB71682B1A}.AppStore|ARM.ActiveCfg = Debug|Any CPU
		{929D6FA8-7E49-4609-8F88-90AB71682B1A}.AppStore|ARM.Build.0 = Debug|Any CPU
		{929D6FA8-7E49-4609-8F88-90AB71682B1A}.AppStore|iPhone.ActiveCfg = Debug|Any CPU
		{929D6FA8-7E49-4609-8F88-90AB71682B1A}.AppStore|iPhone.Build.0 = Debug|Any CPU
		{929D6FA8-7E49-4609-8F88-90AB71682B1A}.AppStore|iPhoneSimulator.ActiveCfg = Debug|Any CPU
		{929D6FA8-7E49-4609-8F88-90AB71682B1A}.AppStore|iPhoneSimulator.Build.0 = Debug|Any CPU
		{929D6FA8-7E49-4609-8F88-90AB71682B1A}.AppStore|x64.ActiveCfg = Debug|Any CPU
		{929D6FA8-7E49-4609-8F88-90AB71682B1A}.AppStore|x64.Build.0 = Debug|Any CPU
		{929D6FA8-7E49-4609-8F88-90AB71682B1A}.AppStore|x86.ActiveCfg = Debug|Any CPU
		{929D6FA8-7E49-4609-8F88-90AB71682B1A}.AppStore|x86.Build.0 = Debug|Any CPU
		{929D6FA8-7E49-4609-8F88-90AB71682B1A}.Debug|Any CPU.ActiveCfg = Debug|Any CPU
		{929D6FA8-7E49-4609-8F88-90AB71682B1A}.Debug|Any CPU.Build.0 = Debug|Any CPU
		{929D6FA8-7E49-4609-8F88-90AB71682B1A}.Debug|ARM.ActiveCfg = Debug|Any CPU
		{929D6FA8-7E49-4609-8F88-90AB71682B1A}.Debug|ARM.Build.0 = Debug|Any CPU
		{929D6FA8-7E49-4609-8F88-90AB71682B1A}.Debug|iPhone.ActiveCfg = Debug|Any CPU
		{929D6FA8-7E49-4609-8F88-90AB71682B1A}.Debug|iPhone.Build.0 = Debug|Any CPU
		{929D6FA8-7E49-4609-8F88-90AB71682B1A}.Debug|iPhoneSimulator.ActiveCfg = Debug|Any CPU
		{929D6FA8-7E49-4609-8F88-90AB71682B1A}.Debug|iPhoneSimulator.Build.0 = Debug|Any CPU
		{929D6FA8-7E49-4609-8F88-90AB71682B1A}.Debug|x64.ActiveCfg = Debug|Any CPU
		{929D6FA8-7E49-4609-8F88-90AB71682B1A}.Debug|x64.Build.0 = Debug|Any CPU
		{929D6FA8-7E49-4609-8F88-90AB71682B1A}.Debug|x86.ActiveCfg = Debug|Any CPU
		{929D6FA8-7E49-4609-8F88-90AB71682B1A}.Debug|x86.Build.0 = Debug|Any CPU
		{929D6FA8-7E49-4609-8F88-90AB71682B1A}.Release|Any CPU.ActiveCfg = Release|Any CPU
		{929D6FA8-7E49-4609-8F88-90AB71682B1A}.Release|Any CPU.Build.0 = Release|Any CPU
		{929D6FA8-7E49-4609-8F88-90AB71682B1A}.Release|ARM.ActiveCfg = Release|Any CPU
		{929D6FA8-7E49-4609-8F88-90AB71682B1A}.Release|ARM.Build.0 = Release|Any CPU
		{929D6FA8-7E49-4609-8F88-90AB71682B1A}.Release|iPhone.ActiveCfg = Release|Any CPU
		{929D6FA8-7E49-4609-8F88-90AB71682B1A}.Release|iPhone.Build.0 = Release|Any CPU
		{929D6FA8-7E49-4609-8F88-90AB71682B1A}.Release|iPhoneSimulator.ActiveCfg = Release|Any CPU
		{929D6FA8-7E49-4609-8F88-90AB71682B1A}.Release|iPhoneSimulator.Build.0 = Release|Any CPU
		{929D6FA8-7E49-4609-8F88-90AB71682B1A}.Release|x64.ActiveCfg = Release|Any CPU
		{929D6FA8-7E49-4609-8F88-90AB71682B1A}.Release|x64.Build.0 = Release|Any CPU
		{929D6FA8-7E49-4609-8F88-90AB71682B1A}.Release|x86.ActiveCfg = Release|Any CPU
		{929D6FA8-7E49-4609-8F88-90AB71682B1A}.Release|x86.Build.0 = Release|Any CPU
	EndGlobalSection
	GlobalSection(SolutionProperties) = preSolution
		HideSolutionNode = FALSE
	EndGlobalSection
	GlobalSection(ExtensibilityGlobals) = postSolution
		SolutionGuid = {3C35015F-A5BF-4A44-B5CF-C2CEB378138A}
	EndGlobalSection
EndGlobal
